
Microsoft Visual Studio Solution File, Format Version 12.00
# Visual Studio 15
VisualStudioVersion = 15.0.27428.2043
MinimumVisualStudioVersion = 10.0.40219.1
Project("{8BC9CEB8-8B4A-11D0-8D11-00A0C91BC942}") = "RTPaperCart", "RTPaperCart.vcxproj", "{B4AF0729-C4C8-470F-A075-2D37021ACC6D}"
EndProject
Global
	GlobalSection(SolutionConfigurationPlatforms) = preSolution
		Common Debug|x64 = Common Debug|x64
		Common Debug|x86 = Common Debug|x86
		Common Release|x64 = Common Release|x64
		Common Release|x86 = Common Release|x86
		Debug GL|x64 = Debug GL|x64
		Debug GL|x86 = Debug GL|x86
		Debug Mesa GL|x64 = Debug Mesa GL|x64
		Debug Mesa GL|x86 = Debug Mesa GL|x86
		Debug WebOS|x64 = Debug WebOS|x64
		Debug WebOS|x86 = Debug WebOS|x86
		Flash GLES Debug Test|x64 = Flash GLES Debug Test|x64
		Flash GLES Debug Test|x86 = Flash GLES Debug Test|x86
		Release GL|x64 = Release GL|x64
		Release GL|x86 = Release GL|x86
		SDL2 Debug GL|x64 = SDL2 Debug GL|x64
		SDL2 Debug GL|x86 = SDL2 Debug GL|x86
		Software GL|x64 = Software GL|x64
		Software GL|x86 = Software GL|x86
	EndGlobalSection
	GlobalSection(ProjectConfigurationPlatforms) = postSolution
		{B4AF0729-C4C8-470F-A075-2D37021ACC6D}.Common Debug|x64.ActiveCfg = Common Debug|x64
		{B4AF0729-C4C8-470F-A075-2D37021ACC6D}.Common Debug|x64.Build.0 = Common Debug|x64
		{B4AF0729-C4C8-470F-A075-2D37021ACC6D}.Common Debug|x86.ActiveCfg = Common Debug|Win32
		{B4AF0729-C4C8-470F-A075-2D37021ACC6D}.Common Debug|x86.Build.0 = Common Debug|Win32
		{B4AF0729-C4C8-470F-A075-2D37021ACC6D}.Common Release|x64.ActiveCfg = Common Release|x64
		{B4AF0729-C4C8-470F-A075-2D37021ACC6D}.Common Release|x64.Build.0 = Common Release|x64
		{B4AF0729-C4C8-470F-A075-2D37021ACC6D}.Common Release|x86.ActiveCfg = Common Release|Win32
		{B4AF0729-C4C8-470F-A075-2D37021ACC6D}.Common Release|x86.Build.0 = Common Release|Win32
		{B4AF0729-C4C8-470F-A075-2D37021ACC6D}.Debug GL|x64.ActiveCfg = Debug GL|x64
		{B4AF0729-C4C8-470F-A075-2D37021ACC6D}.Debug GL|x64.Build.0 = Debug GL|x64
		{B4AF0729-C4C8-470F-A075-2D37021ACC6D}.Debug GL|x86.ActiveCfg = Debug GL|Win32
		{B4AF0729-C4C8-470F-A075-2D37021ACC6D}.Debug GL|x86.Build.0 = Debug GL|Win32
		{B4AF0729-C4C8-470F-A075-2D37021ACC6D}.Debug Mesa GL|x64.ActiveCfg = Debug Mesa GL|x64
		{B4AF0729-C4C8-470F-A075-2D37021ACC6D}.Debug Mesa GL|x64.Build.0 = Debug Mesa GL|x64
		{B4AF0729-C4C8-470F-A075-2D37021ACC6D}.Debug Mesa GL|x86.ActiveCfg = Debug Mesa GL|Win32
		{B4AF0729-C4C8-470F-A075-2D37021ACC6D}.Debug Mesa GL|x86.Build.0 = Debug Mesa GL|Win32
		{B4AF0729-C4C8-470F-A075-2D37021ACC6D}.Debug WebOS|x64.ActiveCfg = Debug WebOS|x64
		{B4AF0729-C4C8-470F-A075-2D37021ACC6D}.Debug WebOS|x64.Build.0 = Debug WebOS|x64
		{B4AF0729-C4C8-470F-A075-2D37021ACC6D}.Debug WebOS|x86.ActiveCfg = Debug WebOS|Win32
		{B4AF0729-C4C8-470F-A075-2D37021ACC6D}.Debug WebOS|x86.Build.0 = Debug WebOS|Win32
		{B4AF0729-C4C8-470F-A075-2D37021ACC6D}.Flash GLES Debug Test|x64.ActiveCfg = Flash GLES Debug Test|x64
		{B4AF0729-C4C8-470F-A075-2D37021ACC6D}.Flash GLES Debug Test|x64.Build.0 = Flash GLES Debug Test|x64
		{B4AF0729-C4C8-470F-A075-2D37021ACC6D}.Flash GLES Debug Test|x86.ActiveCfg = Flash GLES Debug Test|Win32
		{B4AF0729-C4C8-470F-A075-2D37021ACC6D}.Flash GLES Debug Test|x86.Build.0 = Flash GLES Debug Test|Win32
		{B4AF0729-C4C8-470F-A075-2D37021ACC6D}.Release GL|x64.ActiveCfg = Release GL|x64
		{B4AF0729-C4C8-470F-A075-2D37021ACC6D}.Release GL|x64.Build.0 = Release GL|x64
		{B4AF0729-C4C8-470F-A075-2D37021ACC6D}.Release GL|x86.ActiveCfg = Release GL|Win32
		{B4AF0729-C4C8-470F-A075-2D37021ACC6D}.Release GL|x86.Build.0 = Release GL|Win32
		{B4AF0729-C4C8-470F-A075-2D37021ACC6D}.SDL2 Debug GL|x64.ActiveCfg = SDL2 Debug GL|x64
		{B4AF0729-C4C8-470F-A075-2D37021ACC6D}.SDL2 Debug GL|x64.Build.0 = SDL2 Debug GL|x64
		{B4AF0729-C4C8-470F-A075-2D37021ACC6D}.SDL2 Debug GL|x86.ActiveCfg = SDL2 Debug GL|Win32
		{B4AF0729-C4C8-470F-A075-2D37021ACC6D}.SDL2 Debug GL|x86.Build.0 = SDL2 Debug GL|Win32
		{B4AF0729-C4C8-470F-A075-2D37021ACC6D}.Software GL|x64.ActiveCfg = Software GL|x64
		{B4AF0729-C4C8-470F-A075-2D37021ACC6D}.Software GL|x64.Build.0 = Software GL|x64
		{B4AF0729-C4C8-470F-A075-2D37021ACC6D}.Software GL|x86.ActiveCfg = Software GL|Win32
		{B4AF0729-C4C8-470F-A075-2D37021ACC6D}.Software GL|x86.Build.0 = Software GL|Win32
	EndGlobalSection
	GlobalSection(SolutionProperties) = preSolution
		HideSolutionNode = FALSE
	EndGlobalSection
	GlobalSection(ExtensibilityGlobals) = postSolution
		SolutionGuid = {AF527F02-3EB6-48B0-8146-4834EA870BA2}
	EndGlobalSection
EndGlobal
